
Microsoft Visual Studio Solution File, Format Version 12.00
# Visual Studio 14
VisualStudioVersion = 14.0.25420.1
MinimumVisualStudioVersion = 10.0.40219.1
Project("{8BB2217D-0F2D-49D1-97BC-3654ED321F3B}") = "Deveel.Workflows", "src\Deveel.Workflows\Deveel.Workflows.xproj", "{5578E7FC-4793-4C72-9156-186E58EA0B43}"
EndProject
Project("{8BB2217D-0F2D-49D1-97BC-3654ED321F3B}") = "Deveel.Workflows.Tests", "test\Deveel.Workflows.Tests\Deveel.Workflows.Tests.xproj", "{2C227EFA-BBC6-4140-A2A7-A0148AC97BF6}"
EndProject
Global
	GlobalSection(SolutionConfigurationPlatforms) = preSolution
		Debug|Any CPU = Debug|Any CPU
		Release|Any CPU = Release|Any CPU
	EndGlobalSection
	GlobalSection(ProjectConfigurationPlatforms) = postSolution
		{5578E7FC-4793-4C72-9156-186E58EA0B43}.Debug|Any CPU.ActiveCfg = Debug|Any CPU
		{5578E7FC-4793-4C72-9156-186E58EA0B43}.Debug|Any CPU.Build.0 = Debug|Any CPU
		{5578E7FC-4793-4C72-9156-186E58EA0B43}.Release|Any CPU.ActiveCfg = Release|Any CPU
		{5578E7FC-4793-4C72-9156-186E58EA0B43}.Release|Any CPU.Build.0 = Release|Any CPU
		{2C227EFA-BBC6-4140-A2A7-A0148AC97BF6}.Debug|Any CPU.ActiveCfg = Debug|Any CPU
		{2C227EFA-BBC6-4140-A2A7-A0148AC97BF6}.Debug|Any CPU.Build.0 = Debug|Any CPU
		{2C227EFA-BBC6-4140-A2A7-A0148AC97BF6}.Release|Any CPU.ActiveCfg = Release|Any CPU
		{2C227EFA-BBC6-4140-A2A7-A0148AC97BF6}.Release|Any CPU.Build.0 = Release|Any CPU
	EndGlobalSection
	GlobalSection(SolutionProperties) = preSolution
		HideSolutionNode = FALSE
	EndGlobalSection
EndGlobal
