
Microsoft Visual Studio Solution File, Format Version 12.00
# Visual Studio 15
VisualStudioVersion = 15.0.26403.7
MinimumVisualStudioVersion = 10.0.40219.1
Project("{9A19103F-16F7-4668-BE54-9A1E7A4F7556}") = "Deveel.Workflows", "src\Deveel.Workflows\Deveel.Workflows.csproj", "{5578E7FC-4793-4C72-9156-186E58EA0B43}"
EndProject
Project("{9A19103F-16F7-4668-BE54-9A1E7A4F7556}") = "Deveel.Workflows.Tests", "test\Deveel.Workflows.Tests\Deveel.Workflows.Tests.csproj", "{2C227EFA-BBC6-4140-A2A7-A0148AC97BF6}"
EndProject
Project("{9A19103F-16F7-4668-BE54-9A1E7A4F7556}") = "Deveel.Workflows.Scripting.CSharp", "src\Deveel.Workflows.Scripting.CSharp\Deveel.Workflows.Scripting.CSharp.csproj", "{52C67395-C859-463F-9BD6-69E48F3C3DD1}"
EndProject
Project("{9A19103F-16F7-4668-BE54-9A1E7A4F7556}") = "Deveel.Workflows.BusinessRules.NRules", "src\Deveel.Workflows.BusinessRules.NRules\Deveel.Workflows.BusinessRules.NRules.csproj", "{55E5A92B-4675-4819-AD77-16B8F552486B}"
EndProject
Project("{FAE04EC0-301F-11D3-BF4B-00C04F79EFBC}") = "Deveel.Workflows.Times.Hangfire", "src\Deveel.Workflows.Times.Hangfire\Deveel.Workflows.Times.Hangfire.csproj", "{3ECA9F35-91F9-4124-9E6E-6A668DF3186B}"
EndProject
Global
	GlobalSection(SolutionConfigurationPlatforms) = preSolution
		Debug|Any CPU = Debug|Any CPU
		Release|Any CPU = Release|Any CPU
	EndGlobalSection
	GlobalSection(ProjectConfigurationPlatforms) = postSolution
		{5578E7FC-4793-4C72-9156-186E58EA0B43}.Debug|Any CPU.ActiveCfg = Debug|Any CPU
		{5578E7FC-4793-4C72-9156-186E58EA0B43}.Debug|Any CPU.Build.0 = Debug|Any CPU
		{5578E7FC-4793-4C72-9156-186E58EA0B43}.Release|Any CPU.ActiveCfg = Release|Any CPU
		{5578E7FC-4793-4C72-9156-186E58EA0B43}.Release|Any CPU.Build.0 = Release|Any CPU
		{2C227EFA-BBC6-4140-A2A7-A0148AC97BF6}.Debug|Any CPU.ActiveCfg = Debug|Any CPU
		{2C227EFA-BBC6-4140-A2A7-A0148AC97BF6}.Debug|Any CPU.Build.0 = Debug|Any CPU
		{2C227EFA-BBC6-4140-A2A7-A0148AC97BF6}.Release|Any CPU.ActiveCfg = Release|Any CPU
		{2C227EFA-BBC6-4140-A2A7-A0148AC97BF6}.Release|Any CPU.Build.0 = Release|Any CPU
		{52C67395-C859-463F-9BD6-69E48F3C3DD1}.Debug|Any CPU.ActiveCfg = Debug|Any CPU
		{52C67395-C859-463F-9BD6-69E48F3C3DD1}.Debug|Any CPU.Build.0 = Debug|Any CPU
		{52C67395-C859-463F-9BD6-69E48F3C3DD1}.Release|Any CPU.ActiveCfg = Release|Any CPU
		{52C67395-C859-463F-9BD6-69E48F3C3DD1}.Release|Any CPU.Build.0 = Release|Any CPU
		{55E5A92B-4675-4819-AD77-16B8F552486B}.Debug|Any CPU.ActiveCfg = Debug|Any CPU
		{55E5A92B-4675-4819-AD77-16B8F552486B}.Debug|Any CPU.Build.0 = Debug|Any CPU
		{55E5A92B-4675-4819-AD77-16B8F552486B}.Release|Any CPU.ActiveCfg = Release|Any CPU
		{55E5A92B-4675-4819-AD77-16B8F552486B}.Release|Any CPU.Build.0 = Release|Any CPU
		{3ECA9F35-91F9-4124-9E6E-6A668DF3186B}.Debug|Any CPU.ActiveCfg = Debug|Any CPU
		{3ECA9F35-91F9-4124-9E6E-6A668DF3186B}.Debug|Any CPU.Build.0 = Debug|Any CPU
		{3ECA9F35-91F9-4124-9E6E-6A668DF3186B}.Release|Any CPU.ActiveCfg = Release|Any CPU
		{3ECA9F35-91F9-4124-9E6E-6A668DF3186B}.Release|Any CPU.Build.0 = Release|Any CPU
	EndGlobalSection
	GlobalSection(SolutionProperties) = preSolution
		HideSolutionNode = FALSE
	EndGlobalSection
	GlobalSection(ExtensibilityGlobals) = postSolution
		SolutionGuid = {20A450C9-2DE7-4BB6-9CAA-25AB40399575}
	EndGlobalSection
EndGlobal
